
Microsoft Visual Studio Solution File, Format Version 12.00
# Visual Studio 15
VisualStudioVersion = 15.0.27428.2011
MinimumVisualStudioVersion = 10.0.40219.1
Project("{2150E333-8FDC-42A3-9474-1A3956D46DE8}") = "src", "src", "{A6CC12D1-9B6D-47F7-8391-CB2DEA1A9B1D}"
EndProject
Project("{2150E333-8FDC-42A3-9474-1A3956D46DE8}") = "test", "test", "{3C8D5125-C9A2-4D41-A85F-10382E3CB7A2}"
EndProject
Project("{2150E333-8FDC-42A3-9474-1A3956D46DE8}") = "View", "View", "{D6A4BA13-B652-47B5-AE2F-A0AAB1777821}"
EndProject
Project("{2150E333-8FDC-42A3-9474-1A3956D46DE8}") = "Services", "Services", "{97897E3F-F3B0-415F-8107-09266F5EF0B1}"
EndProject
Project("{2150E333-8FDC-42A3-9474-1A3956D46DE8}") = "Business", "Business", "{1FDAD230-23AE-446A-9563-22BF61DD8F1E}"
EndProject
Project("{2150E333-8FDC-42A3-9474-1A3956D46DE8}") = "Common", "Common", "{BB1A5C64-099A-4D62-AA49-250998670EF1}"
EndProject
Project("{2150E333-8FDC-42A3-9474-1A3956D46DE8}") = "Data", "Data", "{51424CAC-3501-494F-8BBA-2B17146D387A}"
EndProject
Project("{9A19103F-16F7-4668-BE54-9A1E7A4F7556}") = "MasGlobal.DAL", "MasGlobal.DAL\MasGlobal.DAL.csproj", "{D4A5CB68-E341-4D65-A111-65673CD0AA78}"
EndProject
Project("{FAE04EC0-301F-11D3-BF4B-00C04F79EFBC}") = "MasGlobal.Business", "MasGlobal.Business\MasGlobal.Business.csproj", "{86494D54-C2D6-4D40-9F9C-2A08635EA5C2}"
EndProject
Project("{FAE04EC0-301F-11D3-BF4B-00C04F79EFBC}") = "MasGlobal.Common", "MasGlobal.Common\MasGlobal.Common.csproj", "{D38E4D9F-2EA1-4CA4-A3DE-824DB540641D}"
EndProject
Project("{FAE04EC0-301F-11D3-BF4B-00C04F79EFBC}") = "MasGlobal.API", "MasGlobal.API\MasGlobal.API.csproj", "{31753105-C2E6-40D1-ABAB-B3ACC649E180}"
EndProject
Project("{FAE04EC0-301F-11D3-BF4B-00C04F79EFBC}") = "MasGloban.View", "MasGloban.View\MasGloban.View.csproj", "{4C38D0AA-0D45-4248-9A7F-3A5E45DE6F99}"
EndProject
Global
	GlobalSection(SolutionConfigurationPlatforms) = preSolution
		Debug|Any CPU = Debug|Any CPU
		Release|Any CPU = Release|Any CPU
	EndGlobalSection
	GlobalSection(ProjectConfigurationPlatforms) = postSolution
		{D4A5CB68-E341-4D65-A111-65673CD0AA78}.Debug|Any CPU.ActiveCfg = Debug|Any CPU
		{D4A5CB68-E341-4D65-A111-65673CD0AA78}.Debug|Any CPU.Build.0 = Debug|Any CPU
		{D4A5CB68-E341-4D65-A111-65673CD0AA78}.Release|Any CPU.ActiveCfg = Release|Any CPU
		{D4A5CB68-E341-4D65-A111-65673CD0AA78}.Release|Any CPU.Build.0 = Release|Any CPU
		{86494D54-C2D6-4D40-9F9C-2A08635EA5C2}.Debug|Any CPU.ActiveCfg = Debug|Any CPU
		{86494D54-C2D6-4D40-9F9C-2A08635EA5C2}.Debug|Any CPU.Build.0 = Debug|Any CPU
		{86494D54-C2D6-4D40-9F9C-2A08635EA5C2}.Release|Any CPU.ActiveCfg = Release|Any CPU
		{86494D54-C2D6-4D40-9F9C-2A08635EA5C2}.Release|Any CPU.Build.0 = Release|Any CPU
		{D38E4D9F-2EA1-4CA4-A3DE-824DB540641D}.Debug|Any CPU.ActiveCfg = Debug|Any CPU
		{D38E4D9F-2EA1-4CA4-A3DE-824DB540641D}.Debug|Any CPU.Build.0 = Debug|Any CPU
		{D38E4D9F-2EA1-4CA4-A3DE-824DB540641D}.Release|Any CPU.ActiveCfg = Release|Any CPU
		{D38E4D9F-2EA1-4CA4-A3DE-824DB540641D}.Release|Any CPU.Build.0 = Release|Any CPU
		{31753105-C2E6-40D1-ABAB-B3ACC649E180}.Debug|Any CPU.ActiveCfg = Debug|Any CPU
		{31753105-C2E6-40D1-ABAB-B3ACC649E180}.Debug|Any CPU.Build.0 = Debug|Any CPU
		{31753105-C2E6-40D1-ABAB-B3ACC649E180}.Release|Any CPU.ActiveCfg = Release|Any CPU
		{31753105-C2E6-40D1-ABAB-B3ACC649E180}.Release|Any CPU.Build.0 = Release|Any CPU
		{4C38D0AA-0D45-4248-9A7F-3A5E45DE6F99}.Debug|Any CPU.ActiveCfg = Debug|Any CPU
		{4C38D0AA-0D45-4248-9A7F-3A5E45DE6F99}.Debug|Any CPU.Build.0 = Debug|Any CPU
		{4C38D0AA-0D45-4248-9A7F-3A5E45DE6F99}.Release|Any CPU.ActiveCfg = Release|Any CPU
		{4C38D0AA-0D45-4248-9A7F-3A5E45DE6F99}.Release|Any CPU.Build.0 = Release|Any CPU
	EndGlobalSection
	GlobalSection(SolutionProperties) = preSolution
		HideSolutionNode = FALSE
	EndGlobalSection
	GlobalSection(NestedProjects) = preSolution
		{D6A4BA13-B652-47B5-AE2F-A0AAB1777821} = {A6CC12D1-9B6D-47F7-8391-CB2DEA1A9B1D}
		{97897E3F-F3B0-415F-8107-09266F5EF0B1} = {A6CC12D1-9B6D-47F7-8391-CB2DEA1A9B1D}
		{1FDAD230-23AE-446A-9563-22BF61DD8F1E} = {A6CC12D1-9B6D-47F7-8391-CB2DEA1A9B1D}
		{BB1A5C64-099A-4D62-AA49-250998670EF1} = {A6CC12D1-9B6D-47F7-8391-CB2DEA1A9B1D}
		{51424CAC-3501-494F-8BBA-2B17146D387A} = {A6CC12D1-9B6D-47F7-8391-CB2DEA1A9B1D}
		{D4A5CB68-E341-4D65-A111-65673CD0AA78} = {51424CAC-3501-494F-8BBA-2B17146D387A}
		{86494D54-C2D6-4D40-9F9C-2A08635EA5C2} = {1FDAD230-23AE-446A-9563-22BF61DD8F1E}
		{D38E4D9F-2EA1-4CA4-A3DE-824DB540641D} = {BB1A5C64-099A-4D62-AA49-250998670EF1}
		{31753105-C2E6-40D1-ABAB-B3ACC649E180} = {97897E3F-F3B0-415F-8107-09266F5EF0B1}
		{4C38D0AA-0D45-4248-9A7F-3A5E45DE6F99} = {D6A4BA13-B652-47B5-AE2F-A0AAB1777821}
	EndGlobalSection
	GlobalSection(ExtensibilityGlobals) = postSolution
		SolutionGuid = {2F3176C1-8295-4BC0-9E55-4D0EB2B8141A}
	EndGlobalSection
EndGlobal
